
Microsoft Visual Studio Solution File, Format Version 12.00
# Visual Studio 14
VisualStudioVersion = 14.0.25420.1
MinimumVisualStudioVersion = 10.0.40219.1
Project("{FAE04EC0-301F-11D3-BF4B-00C04F79EFBC}") = "MNBQuotation_V2", "MNBQuotation_V2\MNBQuotation_V2.csproj", "{6CEFC75E-2123-45F6-8D8C-31B2515B57B1}"
EndProject
Global
	GlobalSection(SolutionConfigurationPlatforms) = preSolution
		Debug|Any CPU = Debug|Any CPU
		Release|Any CPU = Release|Any CPU
	EndGlobalSection
	GlobalSection(ProjectConfigurationPlatforms) = postSolution
		{6CEFC75E-2123-45F6-8D8C-31B2515B57B1}.Debug|Any CPU.ActiveCfg = Debug|Any CPU
		{6CEFC75E-2123-45F6-8D8C-31B2515B57B1}.Debug|Any CPU.Build.0 = Debug|Any CPU
		{6CEFC75E-2123-45F6-8D8C-31B2515B57B1}.Release|Any CPU.ActiveCfg = Release|Any CPU
		{6CEFC75E-2123-45F6-8D8C-31B2515B57B1}.Release|Any CPU.Build.0 = Release|Any CPU
	EndGlobalSection
	GlobalSection(SolutionProperties) = preSolution
		HideSolutionNode = FALSE
	EndGlobalSection
EndGlobal
